
Microsoft Visual Studio Solution File, Format Version 12.00
# Visual Studio Version 16
VisualStudioVersion = 16.0.30114.105
MinimumVisualStudioVersion = 10.0.40219.1
Project("{FAE04EC0-301F-11D3-BF4B-00C04F79EFBC}") = "MatchGame2", "MatchGame2.csproj", "{2503C2D0-4CE1-47BB-8444-4A6F490140AF}"
EndProject
Global
	GlobalSection(SolutionConfigurationPlatforms) = preSolution
		Debug|Any CPU = Debug|Any CPU
		Release|Any CPU = Release|Any CPU
	EndGlobalSection
	GlobalSection(ProjectConfigurationPlatforms) = postSolution
		{2503C2D0-4CE1-47BB-8444-4A6F490140AF}.Debug|Any CPU.ActiveCfg = Debug|Any CPU
		{2503C2D0-4CE1-47BB-8444-4A6F490140AF}.Debug|Any CPU.Build.0 = Debug|Any CPU
		{2503C2D0-4CE1-47BB-8444-4A6F490140AF}.Release|Any CPU.ActiveCfg = Release|Any CPU
		{2503C2D0-4CE1-47BB-8444-4A6F490140AF}.Release|Any CPU.Build.0 = Release|Any CPU
	EndGlobalSection
	GlobalSection(SolutionProperties) = preSolution
		HideSolutionNode = FALSE
	EndGlobalSection
	GlobalSection(ExtensibilityGlobals) = postSolution
		SolutionGuid = {403631F0-CDEE-4B0E-87C1-04A12D90373F}
	EndGlobalSection
EndGlobal
